
Microsoft Visual Studio Solution File, Format Version 12.00
# Visual Studio Version 16
VisualStudioVersion = 16.0.30804.86
MinimumVisualStudioVersion = 10.0.40219.1
Project("{9A19103F-16F7-4668-BE54-9A1E7A4F7556}") = "StuWare", "StuWare\StuWare.csproj", "{EF59AB55-CAB5-4C3A-A1E3-3A5D765B6C26}"
EndProject
Project("{9A19103F-16F7-4668-BE54-9A1E7A4F7556}") = "StuWare.Model", "StuWare.Model\StuWare.Model.csproj", "{D453E2A3-81A0-40CC-8D91-80A9F7F2EB15}"
EndProject
Project("{9A19103F-16F7-4668-BE54-9A1E7A4F7556}") = "StuWare.Data", "StuWare.Data\StuWare.Data.csproj", "{5509CF24-1DEB-43B2-B108-EDBC106066DF}"
EndProject
Global
	GlobalSection(SolutionConfigurationPlatforms) = preSolution
		Debug|Any CPU = Debug|Any CPU
		Release|Any CPU = Release|Any CPU
	EndGlobalSection
	GlobalSection(ProjectConfigurationPlatforms) = postSolution
		{EF59AB55-CAB5-4C3A-A1E3-3A5D765B6C26}.Debug|Any CPU.ActiveCfg = Debug|Any CPU
		{EF59AB55-CAB5-4C3A-A1E3-3A5D765B6C26}.Debug|Any CPU.Build.0 = Debug|Any CPU
		{EF59AB55-CAB5-4C3A-A1E3-3A5D765B6C26}.Release|Any CPU.ActiveCfg = Release|Any CPU
		{EF59AB55-CAB5-4C3A-A1E3-3A5D765B6C26}.Release|Any CPU.Build.0 = Release|Any CPU
		{D453E2A3-81A0-40CC-8D91-80A9F7F2EB15}.Debug|Any CPU.ActiveCfg = Debug|Any CPU
		{D453E2A3-81A0-40CC-8D91-80A9F7F2EB15}.Debug|Any CPU.Build.0 = Debug|Any CPU
		{D453E2A3-81A0-40CC-8D91-80A9F7F2EB15}.Release|Any CPU.ActiveCfg = Release|Any CPU
		{D453E2A3-81A0-40CC-8D91-80A9F7F2EB15}.Release|Any CPU.Build.0 = Release|Any CPU
		{5509CF24-1DEB-43B2-B108-EDBC106066DF}.Debug|Any CPU.ActiveCfg = Debug|Any CPU
		{5509CF24-1DEB-43B2-B108-EDBC106066DF}.Debug|Any CPU.Build.0 = Debug|Any CPU
		{5509CF24-1DEB-43B2-B108-EDBC106066DF}.Release|Any CPU.ActiveCfg = Release|Any CPU
		{5509CF24-1DEB-43B2-B108-EDBC106066DF}.Release|Any CPU.Build.0 = Release|Any CPU
	EndGlobalSection
	GlobalSection(SolutionProperties) = preSolution
		HideSolutionNode = FALSE
	EndGlobalSection
	GlobalSection(ExtensibilityGlobals) = postSolution
		SolutionGuid = {82D83778-E57F-4848-A6B8-8635F4FCCEB0}
	EndGlobalSection
EndGlobal
